{
  "name": "advent-of-code-2022",
  "version": "1.0.0",
  "lockfileVersion": 2,
  "requires": true,
  "packages": {
    "": {
      "name": "advent-of-code-2022",
      "version": "1.0.0",
      "license": "ISC",
      "devDependencies": {
        "@types/node": "^18.11.10",
        "fs": "^0.0.1-security",
        "ts-pattern": "^4.0.6"
      }
    },
    "node_modules/@types/node": {
      "version": "18.11.10",
      "resolved": "https://registry.npmjs.org/@types/node/-/node-18.11.10.tgz",
      "integrity": "sha512-juG3RWMBOqcOuXC643OAdSA525V44cVgGV6dUDuiFtss+8Fk5x1hI93Rsld43VeJVIeqlP9I7Fn9/qaVqoEAuQ==",
      "dev": true
    },
    "node_modules/fs": {
      "version": "0.0.1-security",
      "resolved": "https://registry.npmjs.org/fs/-/fs-0.0.1-security.tgz",
      "integrity": "sha512-3XY9e1pP0CVEUCdj5BmfIZxRBTSDycnbqhIOGec9QYtmVH2fbLpj86CFWkrNOkt/Fvty4KZG5lTglL9j/gJ87w==",
      "dev": true
    },
    "node_modules/ts-pattern": {
      "version": "4.0.6",
      "resolved": "https://registry.npmjs.org/ts-pattern/-/ts-pattern-4.0.6.tgz",
      "integrity": "sha512-sFHQYD4KoysBi7e7a2mzDPvRBeqA4w+vEyRE+P5MU9VLq8eEYxgKCgD9RNEAT+itGRWUTYN+hry94GDPLb1/Yw==",
      "dev": true
    }
  },
  "dependencies": {
    "@types/node": {
      "version": "18.11.10",
      "resolved": "https://registry.npmjs.org/@types/node/-/node-18.11.10.tgz",
      "integrity": "sha512-juG3RWMBOqcOuXC643OAdSA525V44cVgGV6dUDuiFtss+8Fk5x1hI93Rsld43VeJVIeqlP9I7Fn9/qaVqoEAuQ==",
      "dev": true
    },
    "fs": {
      "version": "0.0.1-security",
      "resolved": "https://registry.npmjs.org/fs/-/fs-0.0.1-security.tgz",
      "integrity": "sha512-3XY9e1pP0CVEUCdj5BmfIZxRBTSDycnbqhIOGec9QYtmVH2fbLpj86CFWkrNOkt/Fvty4KZG5lTglL9j/gJ87w==",
      "dev": true
    },
    "ts-pattern": {
      "version": "4.0.6",
      "resolved": "https://registry.npmjs.org/ts-pattern/-/ts-pattern-4.0.6.tgz",
      "integrity": "sha512-sFHQYD4KoysBi7e7a2mzDPvRBeqA4w+vEyRE+P5MU9VLq8eEYxgKCgD9RNEAT+itGRWUTYN+hry94GDPLb1/Yw==",
      "dev": true
    }
  }
}
